
Microsoft Visual Studio Solution File, Format Version 12.00
# Visual Studio Version 17
VisualStudioVersion = 17.14.36414.22
MinimumVisualStudioVersion = 10.0.40219.1
Project("{FAE04EC0-301F-11D3-BF4B-00C04F79EFBC}") = "DewMoreVision", "DewMoreVision\DewMoreVision.csproj", "{740E7335-4D31-483B-8224-F71580A1561E}"
EndProject
Project("{2150E333-8FDC-42A3-9474-1A3956D46DE8}") = "README", "README", "{9FA3D6BD-1EC1-3BA5-80CB-CE02773A58D5}"
	ProjectSection(SolutionItems) = preProject
		README.md = README.md
	EndProjectSection
EndProject
Project("{FAE04EC0-301F-11D3-BF4B-00C04F79EFBC}") = "DewAnyWhereOpenModManager", "DewAnyWhereOpenModManager\DewAnyWhereOpenModManager.csproj", "{F36C9C4D-86A0-4DD4-9751-1BEDFB282560}"
EndProject
Project("{FAE04EC0-301F-11D3-BF4B-00C04F79EFBC}") = "DewBootcamp", "DewBootcamp\DewBootcamp.csproj", "{B70300B6-F79C-4BFD-9340-6EAB2EEA543F}"
EndProject
Project("{FAE04EC0-301F-11D3-BF4B-00C04F79EFBC}") = "DewMorePlayers", "DewMorePlayers\DewMorePlayers.csproj", "{2B486535-435F-4A14-BFAA-2A72B9B5E06F}"
EndProject
Project("{FAE04EC0-301F-11D3-BF4B-00C04F79EFBC}") = "DewGemSlotCount", "DewGemSlotCount\DewGemSlotCount.csproj", "{FEB73D43-9E69-4EA0-86F6-E1FFDF374CC8}"
EndProject
Project("{FAE04EC0-301F-11D3-BF4B-00C04F79EFBC}") = "DewHeroSkillJonas", "DewHeroSkillJonas\DewHeroSkillJonas.csproj", "{9205F443-3180-4B3D-9B6E-F73D4F3065A5}"
EndProject
Project("{FAE04EC0-301F-11D3-BF4B-00C04F79EFBC}") = "DewModConfigListSupport", "DewModConfigListSupport\DewModConfigListSupport.csproj", "{85C8F38E-3B18-4F54-8873-17B7EC43FC07}"
EndProject
Project("{FAE04EC0-301F-11D3-BF4B-00C04F79EFBC}") = "DewJonasEnhance", "DewJonasEnhance\DewJonasEnhance.csproj", "{248E86A8-1E4E-44BA-8D43-125865076E5B}"
EndProject
Project("{FAE04EC0-301F-11D3-BF4B-00C04F79EFBC}") = "DewAttackSpeedConvertDamage", "DewAttackSpeedConvertDamage\DewAttackSpeedConvertDamage.csproj", "{7A97767E-AC0D-46CA-804A-412F0C329A9D}"
EndProject
Project("{FAE04EC0-301F-11D3-BF4B-00C04F79EFBC}") = "DewPrimusHand", "DewPrimusHand\DewPrimusHand.csproj", "{FF44F1F4-0AEE-4D9F-A5A7-61F53134A074}"
EndProject
Project("{FAE04EC0-301F-11D3-BF4B-00C04F79EFBC}") = "DewZoneTwistedPath", "DewZoneTwistedPath\DewZoneTwistedPath.csproj", "{F419A8F5-34D4-4007-BDB5-8DA8ED901A1B}"
EndProject
Project("{FAE04EC0-301F-11D3-BF4B-00C04F79EFBC}") = "DewIdentityChange", "DewIdentityChange\DewIdentityChange.csproj", "{E30D1985-E673-439C-999F-218A0271B773}"
EndProject
Project("{FAE04EC0-301F-11D3-BF4B-00C04F79EFBC}") = "DewTestCode", "DewTestCode\DewTestCode.csproj", "{2F6FE77E-6F40-417B-98F4-7C5C5E53D323}"
EndProject
Project("{FAE04EC0-301F-11D3-BF4B-00C04F79EFBC}") = "DewSafeShare", "DewSafeShare\DewSafeShare.csproj", "{D3DBBDDB-6FE3-47AD-9556-4B5939189ADF}"
EndProject
Project("{FAE04EC0-301F-11D3-BF4B-00C04F79EFBC}") = "DewVascularThief", "DewVascularThief\DewVascularThief.csproj", "{2F1306DF-7788-4336-93C9-7D99AD8ADE40}"
EndProject
Project("{FAE04EC0-301F-11D3-BF4B-00C04F79EFBC}") = "GoldenBurstAutoTarget", "GoldenBurstAutoTarget\GoldenBurstAutoTarget.csproj", "{E99B7E63-63D9-4004-AE96-B27DA5FE534C}"
EndProject
Project("{FAE04EC0-301F-11D3-BF4B-00C04F79EFBC}") = "DewSuperSmart", "DewSuperSmart\DewSuperSmart.csproj", "{F6B375E7-9CE0-4B52-ACC2-46BBEAB0C1D1}"
EndProject
Global
	GlobalSection(SolutionConfigurationPlatforms) = preSolution
		Debug|Any CPU = Debug|Any CPU
		Release|Any CPU = Release|Any CPU
	EndGlobalSection
	GlobalSection(ProjectConfigurationPlatforms) = postSolution
		{740E7335-4D31-483B-8224-F71580A1561E}.Debug|Any CPU.ActiveCfg = Debug|Any CPU
		{740E7335-4D31-483B-8224-F71580A1561E}.Debug|Any CPU.Build.0 = Debug|Any CPU
		{740E7335-4D31-483B-8224-F71580A1561E}.Release|Any CPU.ActiveCfg = Release|Any CPU
		{740E7335-4D31-483B-8224-F71580A1561E}.Release|Any CPU.Build.0 = Release|Any CPU
		{F36C9C4D-86A0-4DD4-9751-1BEDFB282560}.Debug|Any CPU.ActiveCfg = Debug|Any CPU
		{F36C9C4D-86A0-4DD4-9751-1BEDFB282560}.Debug|Any CPU.Build.0 = Debug|Any CPU
		{F36C9C4D-86A0-4DD4-9751-1BEDFB282560}.Release|Any CPU.ActiveCfg = Release|Any CPU
		{F36C9C4D-86A0-4DD4-9751-1BEDFB282560}.Release|Any CPU.Build.0 = Release|Any CPU
		{B70300B6-F79C-4BFD-9340-6EAB2EEA543F}.Debug|Any CPU.ActiveCfg = Debug|Any CPU
		{B70300B6-F79C-4BFD-9340-6EAB2EEA543F}.Debug|Any CPU.Build.0 = Debug|Any CPU
		{B70300B6-F79C-4BFD-9340-6EAB2EEA543F}.Release|Any CPU.ActiveCfg = Release|Any CPU
		{B70300B6-F79C-4BFD-9340-6EAB2EEA543F}.Release|Any CPU.Build.0 = Release|Any CPU
		{2B486535-435F-4A14-BFAA-2A72B9B5E06F}.Debug|Any CPU.ActiveCfg = Debug|Any CPU
		{2B486535-435F-4A14-BFAA-2A72B9B5E06F}.Debug|Any CPU.Build.0 = Debug|Any CPU
		{2B486535-435F-4A14-BFAA-2A72B9B5E06F}.Release|Any CPU.ActiveCfg = Release|Any CPU
		{2B486535-435F-4A14-BFAA-2A72B9B5E06F}.Release|Any CPU.Build.0 = Release|Any CPU
		{FEB73D43-9E69-4EA0-86F6-E1FFDF374CC8}.Debug|Any CPU.ActiveCfg = Debug|Any CPU
		{FEB73D43-9E69-4EA0-86F6-E1FFDF374CC8}.Debug|Any CPU.Build.0 = Debug|Any CPU
		{FEB73D43-9E69-4EA0-86F6-E1FFDF374CC8}.Release|Any CPU.ActiveCfg = Release|Any CPU
		{FEB73D43-9E69-4EA0-86F6-E1FFDF374CC8}.Release|Any CPU.Build.0 = Release|Any CPU
		{9205F443-3180-4B3D-9B6E-F73D4F3065A5}.Debug|Any CPU.ActiveCfg = Debug|Any CPU
		{9205F443-3180-4B3D-9B6E-F73D4F3065A5}.Debug|Any CPU.Build.0 = Debug|Any CPU
		{9205F443-3180-4B3D-9B6E-F73D4F3065A5}.Release|Any CPU.ActiveCfg = Release|Any CPU
		{9205F443-3180-4B3D-9B6E-F73D4F3065A5}.Release|Any CPU.Build.0 = Release|Any CPU
		{85C8F38E-3B18-4F54-8873-17B7EC43FC07}.Debug|Any CPU.ActiveCfg = Debug|Any CPU
		{85C8F38E-3B18-4F54-8873-17B7EC43FC07}.Debug|Any CPU.Build.0 = Debug|Any CPU
		{85C8F38E-3B18-4F54-8873-17B7EC43FC07}.Release|Any CPU.ActiveCfg = Release|Any CPU
		{85C8F38E-3B18-4F54-8873-17B7EC43FC07}.Release|Any CPU.Build.0 = Release|Any CPU
		{248E86A8-1E4E-44BA-8D43-125865076E5B}.Debug|Any CPU.ActiveCfg = Debug|Any CPU
		{248E86A8-1E4E-44BA-8D43-125865076E5B}.Debug|Any CPU.Build.0 = Debug|Any CPU
		{248E86A8-1E4E-44BA-8D43-125865076E5B}.Release|Any CPU.ActiveCfg = Release|Any CPU
		{248E86A8-1E4E-44BA-8D43-125865076E5B}.Release|Any CPU.Build.0 = Release|Any CPU
		{7A97767E-AC0D-46CA-804A-412F0C329A9D}.Debug|Any CPU.ActiveCfg = Debug|Any CPU
		{7A97767E-AC0D-46CA-804A-412F0C329A9D}.Debug|Any CPU.Build.0 = Debug|Any CPU
		{7A97767E-AC0D-46CA-804A-412F0C329A9D}.Release|Any CPU.ActiveCfg = Release|Any CPU
		{7A97767E-AC0D-46CA-804A-412F0C329A9D}.Release|Any CPU.Build.0 = Release|Any CPU
		{FF44F1F4-0AEE-4D9F-A5A7-61F53134A074}.Debug|Any CPU.ActiveCfg = Debug|Any CPU
		{FF44F1F4-0AEE-4D9F-A5A7-61F53134A074}.Debug|Any CPU.Build.0 = Debug|Any CPU
		{FF44F1F4-0AEE-4D9F-A5A7-61F53134A074}.Release|Any CPU.ActiveCfg = Release|Any CPU
		{FF44F1F4-0AEE-4D9F-A5A7-61F53134A074}.Release|Any CPU.Build.0 = Release|Any CPU
		{F419A8F5-34D4-4007-BDB5-8DA8ED901A1B}.Debug|Any CPU.ActiveCfg = Debug|Any CPU
		{F419A8F5-34D4-4007-BDB5-8DA8ED901A1B}.Debug|Any CPU.Build.0 = Debug|Any CPU
		{F419A8F5-34D4-4007-BDB5-8DA8ED901A1B}.Release|Any CPU.ActiveCfg = Release|Any CPU
		{F419A8F5-34D4-4007-BDB5-8DA8ED901A1B}.Release|Any CPU.Build.0 = Release|Any CPU
		{E30D1985-E673-439C-999F-218A0271B773}.Debug|Any CPU.ActiveCfg = Debug|Any CPU
		{E30D1985-E673-439C-999F-218A0271B773}.Debug|Any CPU.Build.0 = Debug|Any CPU
		{E30D1985-E673-439C-999F-218A0271B773}.Release|Any CPU.ActiveCfg = Release|Any CPU
		{E30D1985-E673-439C-999F-218A0271B773}.Release|Any CPU.Build.0 = Release|Any CPU
		{2F6FE77E-6F40-417B-98F4-7C5C5E53D323}.Debug|Any CPU.ActiveCfg = Debug|Any CPU
		{2F6FE77E-6F40-417B-98F4-7C5C5E53D323}.Debug|Any CPU.Build.0 = Debug|Any CPU
		{2F6FE77E-6F40-417B-98F4-7C5C5E53D323}.Release|Any CPU.ActiveCfg = Release|Any CPU
		{2F6FE77E-6F40-417B-98F4-7C5C5E53D323}.Release|Any CPU.Build.0 = Release|Any CPU
		{D3DBBDDB-6FE3-47AD-9556-4B5939189ADF}.Debug|Any CPU.ActiveCfg = Debug|Any CPU
		{D3DBBDDB-6FE3-47AD-9556-4B5939189ADF}.Debug|Any CPU.Build.0 = Debug|Any CPU
		{D3DBBDDB-6FE3-47AD-9556-4B5939189ADF}.Release|Any CPU.ActiveCfg = Release|Any CPU
		{D3DBBDDB-6FE3-47AD-9556-4B5939189ADF}.Release|Any CPU.Build.0 = Release|Any CPU
		{2F1306DF-7788-4336-93C9-7D99AD8ADE40}.Debug|Any CPU.ActiveCfg = Debug|Any CPU
		{2F1306DF-7788-4336-93C9-7D99AD8ADE40}.Debug|Any CPU.Build.0 = Debug|Any CPU
		{2F1306DF-7788-4336-93C9-7D99AD8ADE40}.Release|Any CPU.ActiveCfg = Release|Any CPU
		{2F1306DF-7788-4336-93C9-7D99AD8ADE40}.Release|Any CPU.Build.0 = Release|Any CPU
		{E99B7E63-63D9-4004-AE96-B27DA5FE534C}.Debug|Any CPU.ActiveCfg = Debug|Any CPU
		{E99B7E63-63D9-4004-AE96-B27DA5FE534C}.Debug|Any CPU.Build.0 = Debug|Any CPU
		{E99B7E63-63D9-4004-AE96-B27DA5FE534C}.Release|Any CPU.ActiveCfg = Release|Any CPU
		{E99B7E63-63D9-4004-AE96-B27DA5FE534C}.Release|Any CPU.Build.0 = Release|Any CPU
		{F6B375E7-9CE0-4B52-ACC2-46BBEAB0C1D1}.Debug|Any CPU.ActiveCfg = Debug|Any CPU
		{F6B375E7-9CE0-4B52-ACC2-46BBEAB0C1D1}.Debug|Any CPU.Build.0 = Debug|Any CPU
		{F6B375E7-9CE0-4B52-ACC2-46BBEAB0C1D1}.Release|Any CPU.ActiveCfg = Release|Any CPU
		{F6B375E7-9CE0-4B52-ACC2-46BBEAB0C1D1}.Release|Any CPU.Build.0 = Release|Any CPU
	EndGlobalSection
	GlobalSection(SolutionProperties) = preSolution
		HideSolutionNode = FALSE
	EndGlobalSection
	GlobalSection(ExtensibilityGlobals) = postSolution
		SolutionGuid = {968DDD6B-83B3-4539-9F9B-6699B1C81DC3}
	EndGlobalSection
EndGlobal
